
Microsoft Visual Studio Solution File, Format Version 12.00
# Visual Studio Version 17
VisualStudioVersion = 17.8.34330.188
MinimumVisualStudioVersion = 10.0.40219.1
Project("{FAE04EC0-301F-11D3-BF4B-00C04F79EFBC}") = "ListaZadanToDo.Android", "ListaZadanToDo\ListaZadanToDo.Android\ListaZadanToDo.Android.csproj", "{0CDA2543-F5B1-4A98-8D3B-EF1D54015CD8}"
EndProject
Project("{FAE04EC0-301F-11D3-BF4B-00C04F79EFBC}") = "ListaZadanToDo", "ListaZadanToDo\ListaZadanToDo\ListaZadanToDo.csproj", "{4693B616-9720-4A14-8974-E6368F3535D0}"
EndProject
Global
	GlobalSection(SolutionConfigurationPlatforms) = preSolution
		Debug|Any CPU = Debug|Any CPU
		Release|Any CPU = Release|Any CPU
	EndGlobalSection
	GlobalSection(ProjectConfigurationPlatforms) = postSolution
		{0CDA2543-F5B1-4A98-8D3B-EF1D54015CD8}.Debug|Any CPU.ActiveCfg = Debug|Any CPU
		{0CDA2543-F5B1-4A98-8D3B-EF1D54015CD8}.Debug|Any CPU.Build.0 = Debug|Any CPU
		{0CDA2543-F5B1-4A98-8D3B-EF1D54015CD8}.Debug|Any CPU.Deploy.0 = Debug|Any CPU
		{0CDA2543-F5B1-4A98-8D3B-EF1D54015CD8}.Release|Any CPU.ActiveCfg = Release|Any CPU
		{0CDA2543-F5B1-4A98-8D3B-EF1D54015CD8}.Release|Any CPU.Build.0 = Release|Any CPU
		{0CDA2543-F5B1-4A98-8D3B-EF1D54015CD8}.Release|Any CPU.Deploy.0 = Release|Any CPU
		{4693B616-9720-4A14-8974-E6368F3535D0}.Debug|Any CPU.ActiveCfg = Debug|Any CPU
		{4693B616-9720-4A14-8974-E6368F3535D0}.Debug|Any CPU.Build.0 = Debug|Any CPU
		{4693B616-9720-4A14-8974-E6368F3535D0}.Debug|Any CPU.Deploy.0 = Debug|Any CPU
		{4693B616-9720-4A14-8974-E6368F3535D0}.Release|Any CPU.ActiveCfg = Release|Any CPU
		{4693B616-9720-4A14-8974-E6368F3535D0}.Release|Any CPU.Build.0 = Release|Any CPU
		{4693B616-9720-4A14-8974-E6368F3535D0}.Release|Any CPU.Deploy.0 = Release|Any CPU
	EndGlobalSection
	GlobalSection(SolutionProperties) = preSolution
		HideSolutionNode = FALSE
	EndGlobalSection
	GlobalSection(ExtensibilityGlobals) = postSolution
		SolutionGuid = {B7EB262D-D88C-4DBE-8CAC-F8A0A38D14AE}
	EndGlobalSection
EndGlobal
